
Microsoft Visual Studio Solution File, Format Version 12.00
# Visual Studio Version 17
VisualStudioVersion = 17.1.32421.90
MinimumVisualStudioVersion = 10.0.40219.1
Project("{9A19103F-16F7-4668-BE54-9A1E7A4F7556}") = "mkvtool", "mkvtool.csproj", "{9827A4AC-DBAE-4334-BE0A-D6C802BDF2EC}"
EndProject
Global
	GlobalSection(SolutionConfigurationPlatforms) = preSolution
		Debug|Any CPU = Debug|Any CPU
		Release|Any CPU = Release|Any CPU
	EndGlobalSection
	GlobalSection(ProjectConfigurationPlatforms) = postSolution
		{9827A4AC-DBAE-4334-BE0A-D6C802BDF2EC}.Debug|Any CPU.ActiveCfg = Debug|Any CPU
		{9827A4AC-DBAE-4334-BE0A-D6C802BDF2EC}.Debug|Any CPU.Build.0 = Debug|Any CPU
		{9827A4AC-DBAE-4334-BE0A-D6C802BDF2EC}.Release|Any CPU.ActiveCfg = Release|Any CPU
		{9827A4AC-DBAE-4334-BE0A-D6C802BDF2EC}.Release|Any CPU.Build.0 = Release|Any CPU
	EndGlobalSection
	GlobalSection(SolutionProperties) = preSolution
		HideSolutionNode = FALSE
	EndGlobalSection
	GlobalSection(ExtensibilityGlobals) = postSolution
		SolutionGuid = {5A38EB08-B793-493C-847E-7324A3F51DA4}
	EndGlobalSection
EndGlobal
